// !$*UTF8*$!
{
	archiveVersion = 1;
	classes = {
	};
	objectVersion = 46;
	objects = {

/* Begin PBXBuildFile section */
		4FB262AB1BCC7131002A9972 /* AppDelegate.swift in Sources */ = {isa = PBXBuildFile; fileRef = 4FB262AA1BCC7131002A9972 /* AppDelegate.swift */; };
		4FB262AD1BCC7131002A9972 /* ViewController.swift in Sources */ = {isa = PBXBuildFile; fileRef = 4FB262AC1BCC7131002A9972 /* ViewController.swift */; };
		4FB262B01BCC7131002A9972 /* Main.storyboard in Resources */ = {isa = PBXBuildFile; fileRef = 4FB262AE1BCC7131002A9972 /* Main.storyboard */; };
		4FB262B31BCC7131002A9972 /* MyContacts.xcdatamodeld in Sources */ = {isa = PBXBuildFile; fileRef = 4FB262B11BCC7131002A9972 /* MyContacts.xcdatamodeld */; };
		4FB262B51BCC7131002A9972 /* Assets.xcassets in Resources */ = {isa = PBXBuildFile; fileRef = 4FB262B41BCC7131002A9972 /* Assets.xcassets */; };
		4FB262B81BCC7131002A9972 /* LaunchScreen.storyboard in Resources */ = {isa = PBXBuildFile; fileRef = 4FB262B61BCC7131002A9972 /* LaunchScreen.storyboard */; };
		4FB262C11BCC718D002A9972 /* Contact+CoreDataProperties.swift in Sources */ = {isa = PBXBuildFile; fileRef = 4FB262BF1BCC718D002A9972 /* Contact+CoreDataProperties.swift */; settings = {ASSET_TAGS = (); }; };
		4FB262C21BCC718D002A9972 /* Contact.swift in Sources */ = {isa = PBXBuildFile; fileRef = 4FB262C01BCC718D002A9972 /* Contact.swift */; settings = {ASSET_TAGS = (); }; };
		4FB262C41BCC7DC1002A9972 /* ContactTableViewController.swift in Sources */ = {isa = PBXBuildFile; fileRef = 4FB262C31BCC7DC1002A9972 /* ContactTableViewController.swift */; settings = {ASSET_TAGS = (); }; };
/* End PBXBuildFile section */

/* Begin PBXFileReference section */
		4FB262A71BCC7131002A9972 /* MyContacts.app */ = {isa = PBXFileReference; explicitFileType = wrapper.application; includeInIndex = 0; path = MyContacts.app; sourceTree = BUILT_PRODUCTS_DIR; };
		4FB262AA1BCC7131002A9972 /* AppDelegate.swift */ = {isa = PBXFileReference; lastKnownFileType = sourcecode.swift; path = AppDelegate.swift; sourceTree = "<group>"; };
		4FB262AC1BCC7131002A9972 /* ViewController.swift */ = {isa = PBXFileReference; lastKnownFileType = sourcecode.swift; path = ViewController.swift; sourceTree = "<group>"; };
		4FB262AF1BCC7131002A9972 /* Base */ = {isa = PBXFileReference; lastKnownFileType = file.storyboard; name = Base; path = Base.lproj/Main.storyboard; sourceTree = "<group>"; };
		4FB262B21BCC7131002A9972 /* MyContacts.xcdatamodel */ = {isa = PBXFileReference; lastKnownFileType = wrapper.xcdatamodel; path = MyContacts.xcdatamodel; sourceTree = "<group>"; };
		4FB262B41BCC7131002A9972 /* Assets.xcassets */ = {isa = PBXFileReference; lastKnownFileType = folder.assetcatalog; path = Assets.xcassets; sourceTree = "<group>"; };
		4FB262B71BCC7131002A9972 /* Base */ = {isa = PBXFileReference; lastKnownFileType = file.storyboard; name = Base; path = Base.lproj/LaunchScreen.storyboard; sourceTree = "<group>"; };
		4FB262B91BCC7131002A9972 /* Info.plist */ = {isa = PBXFileReference; lastKnownFileType = text.plist.xml; path = Info.plist; sourceTree = "<group>"; };
		4FB262BF1BCC718D002A9972 /* Contact+CoreDataProperties.swift */ = {isa = PBXFileReference; fileEncoding = 4; lastKnownFileType = sourcecode.swift; path = "Contact+CoreDataProperties.swift"; sourceTree = "<group>"; };
		4FB262C01BCC718D002A9972 /* Contact.swift */ = {isa = PBXFileReference; fileEncoding = 4; lastKnownFileType = sourcecode.swift; path = Contact.swift; sourceTree = "<group>"; };
		4FB262C31BCC7DC1002A9972 /* ContactTableViewController.swift */ = {isa = PBXFileReference; fileEncoding = 4; lastKnownFileType = sourcecode.swift; path = ContactTableViewController.swift; sourceTree = "<group>"; };
/* End PBXFileReference section */

/* Begin PBXFrameworksBuildPhase section */
		4FB262A41BCC7131002A9972 /* Frameworks */ = {
			isa = PBXFrameworksBuildPhase;
			buildActionMask = 2147483647;
			files = (
			);
			runOnlyForDeploymentPostprocessing = 0;
		};
/* End PBXFrameworksBuildPhase section */

/* Begin PBXGroup section */
		4FB2629E1BCC7131002A9972 = {
			isa = PBXGroup;
			children = (
				4FB262C31BCC7DC1002A9972 /* ContactTableViewController.swift */,
				4FB262BF1BCC718D002A9972 /* Contact+CoreDataProperties.swift */,
				4FB262C01BCC718D002A9972 /* Contact.swift */,
				4FB262A91BCC7131002A9972 /* MyContacts */,
				4FB262A81BCC7131002A9972 /* Products */,
			);
			sourceTree = "<group>";
		};
		4FB262A81BCC7131002A9972 /* Products */ = {
			isa = PBXGroup;
			children = (
				4FB262A71BCC7131002A9972 /* MyContacts.app */,
			);
			name = Products;
			sourceTree = "<group>";
		};
		4FB262A91BCC7131002A9972 /* MyContacts */ = {
			isa = PBXGroup;
			children = (
				4FB262AA1BCC7131002A9972 /* AppDelegate.swift */,
				4FB262AC1BCC7131002A9972 /* ViewController.swift */,
				4FB262AE1BCC7131002A9972 /* Main.storyboard */,
				4FB262B41BCC7131002A9972 /* Assets.xcassets */,
				4FB262B61BCC7131002A9972 /* LaunchScreen.storyboard */,
				4FB262B91BCC7131002A9972 /* Info.plist */,
				4FB262B11BCC7131002A9972 /* MyContacts.xcdatamodeld */,
			);
			path = MyContacts;
			sourceTree = "<group>";
		};
/* End PBXGroup section */

/* Begin PBXNativeTarget section */
		4FB262A61BCC7131002A9972 /* MyContacts */ = {
			isa = PBXNativeTarget;
			buildConfigurationList = 4FB262BC1BCC7131002A9972 /* Build configuration list for PBXNativeTarget "MyContacts" */;
			buildPhases = (
				4FB262A31BCC7131002A9972 /* Sources */,
				4FB262A41BCC7131002A9972 /* Frameworks */,
				4FB262A51BCC7131002A9972 /* Resources */,
			);
			buildRules = (
			);
			dependencies = (
			);
			name = MyContacts;
			productName = MyContacts;
			productReference = 4FB262A71BCC7131002A9972 /* MyContacts.app */;
			productType = "com.apple.product-type.application";
		};
/* End PBXNativeTarget section */

/* Begin PBXProject section */
		4FB2629F1BCC7131002A9972 /* Project object */ = {
			isa = PBXProject;
			attributes = {
				LastUpgradeCheck = 0700;
				ORGANIZATIONNAME = "Rock Valley College";
				TargetAttributes = {
					4FB262A61BCC7131002A9972 = {
						CreatedOnToolsVersion = 7.0.1;
					};
				};
			};
			buildConfigurationList = 4FB262A21BCC7131002A9972 /* Build configuration list for PBXProject "MyContacts" */;
			compatibilityVersion = "Xcode 3.2";
			developmentRegion = English;
			hasScannedForEncodings = 0;
			knownRegions = (
				en,
				Base,
			);
			mainGroup = 4FB2629E1BCC7131002A9972;
			productRefGroup = 4FB262A81BCC7131002A9972 /* Products */;
			projectDirPath = "";
			projectRoot = "";
			targets = (
				4FB262A61BCC7131002A9972 /* MyContacts */,
			);
		};
/* End PBXProject section */

/* Begin PBXResourcesBuildPhase section */
		4FB262A51BCC7131002A9972 /* Resources */ = {
			isa = PBXResourcesBuildPhase;
			buildActionMask = 2147483647;
			files = (
				4FB262B81BCC7131002A9972 /* LaunchScreen.storyboard in Resources */,
				4FB262B51BCC7131002A9972 /* Assets.xcassets in Resources */,
				4FB262B01BCC7131002A9972 /* Main.storyboard in Resources */,
			);
			runOnlyForDeploymentPostprocessing = 0;
		};
/* End PBXResourcesBuildPhase section */

/* Begin PBXSourcesBuildPhase section */
		4FB262A31BCC7131002A9972 /* Sources */ = {
			isa = PBXSourcesBuildPhase;
			buildActionMask = 2147483647;
			files = (
				4FB262C11BCC718D002A9972 /* Contact+CoreDataProperties.swift in Sources */,
				4FB262AD1BCC7131002A9972 /* ViewController.swift in Sources */,
				4FB262C41BCC7DC1002A9972 /* ContactTableViewController.swift in Sources */,
				4FB262C21BCC718D002A9972 /* Contact.swift in Sources */,
				4FB262AB1BCC7131002A9972 /* AppDelegate.swift in Sources */,
				4FB262B31BCC7131002A9972 /* MyContacts.xcdatamodeld in Sources */,
			);
			runOnlyForDeploymentPostprocessing = 0;
		};
/* End PBXSourcesBuildPhase section */

/* Begin PBXVariantGroup section */
		4FB262AE1BCC7131002A9972 /* Main.storyboard */ = {
			isa = PBXVariantGroup;
			children = (
				4FB262AF1BCC7131002A9972 /* Base */,
			);
			name = Main.storyboard;
			sourceTree = "<group>";
		};
		4FB262B61BCC7131002A9972 /* LaunchScreen.storyboard */ = {
			isa = PBXVariantGroup;
			children = (
				4FB262B71BCC7131002A9972 /* Base */,
			);
			name = LaunchScreen.storyboard;
			sourceTree = "<group>";
		};
/* End PBXVariantGroup section */

/* Begin XCBuildConfiguration section */
		4FB262BA1BCC7131002A9972 /* Debug */ = {
			isa = XCBuildConfiguration;
			buildSettings = {
				ALWAYS_SEARCH_USER_PATHS = NO;
				CLANG_CXX_LANGUAGE_STANDARD = "gnu++0x";
				CLANG_CXX_LIBRARY = "libc++";
				CLANG_ENABLE_MODULES = YES;
				CLANG_ENABLE_OBJC_ARC = YES;
				CLANG_WARN_BOOL_CONVERSION = YES;
				CLANG_WARN_CONSTANT_CONVERSION = YES;
				CLANG_WARN_DIRECT_OBJC_ISA_USAGE = YES_ERROR;
				CLANG_WARN_EMPTY_BODY = YES;
				CLANG_WARN_ENUM_CONVERSION = YES;
				CLANG_WARN_INT_CONVERSION = YES;
				CLANG_WARN_OBJC_ROOT_CLASS = YES_ERROR;
				CLANG_WARN_UNREACHABLE_CODE = YES;
				CLANG_WARN__DUPLICATE_METHOD_MATCH = YES;
				"CODE_SIGN_IDENTITY[sdk=iphoneos*]" = "iPhone Developer";
				COPY_PHASE_STRIP = NO;
				DEBUG_INFORMATION_FORMAT = dwarf;
				ENABLE_STRICT_OBJC_MSGSEND = YES;
				ENABLE_TESTABILITY = YES;
				GCC_C_LANGUAGE_STANDARD = gnu99;
				GCC_DYNAMIC_NO_PIC = NO;
				GCC_NO_COMMON_BLOCKS = YES;
				GCC_OPTIMIZATION_LEVEL = 0;
				GCC_PREPROCESSOR_DEFINITIONS = (
					"DEBUG=1",
					"$(inherited)",
				);
				GCC_WARN_64_TO_32_BIT_CONVERSION = YES;
				GCC_WARN_ABOUT_RETURN_TYPE = YES_ERROR;
				GCC_WARN_UNDECLARED_SELECTOR = YES;
				GCC_WARN_UNINITIALIZED_AUTOS = YES_AGGRESSIVE;
				GCC_WARN_UNUSED_FUNCTION = YES;
				GCC_WARN_UNUSED_VARIABLE = YES;
				IPHONEOS_DEPLOYMENT_TARGET = 9.0;
				MTL_ENABLE_DEBUG_INFO = YES;
				ONLY_ACTIVE_ARCH = YES;
				SDKROOT = iphoneos;
				SWIFT_OPTIMIZATION_LEVEL = "-Onone";
				TARGETED_DEVICE_FAMILY = "1,2";
			};
			name = Debug;
		};
		4FB262BB1BCC7131002A9972 /* Release */ = {
			isa = XCBuildConfiguration;
			buildSettings = {
				ALWAYS_SEARCH_USER_PATHS = NO;
				CLANG_CXX_LANGUAGE_STANDARD = "gnu++0x";
				CLANG_CXX_LIBRARY = "libc++";
				CLANG_ENABLE_MODULES = YES;
				CLANG_ENABLE_OBJC_ARC = YES;
				CLANG_WARN_BOOL_CONVERSION = YES;
				CLANG_WARN_CONSTANT_CONVERSION = YES;
				CLANG_WARN_DIRECT_OBJC_ISA_USAGE = YES_ERROR;
				CLANG_WARN_EMPTY_BODY = YES;
				CLANG_WARN_ENUM_CONVERSION = YES;
				CLANG_WARN_INT_CONVERSION = YES;
				CLANG_WARN_OBJC_ROOT_CLASS = YES_ERROR;
				CLANG_WARN_UNREACHABLE_CODE = YES;
				CLANG_WARN__DUPLICATE_METHOD_MATCH = YES;
				"CODE_SIGN_IDENTITY[sdk=iphoneos*]" = "iPhone Developer";
				COPY_PHASE_STRIP = NO;
				DEBUG_INFORMATION_FORMAT = "dwarf-with-dsym";
				ENABLE_NS_ASSERTIONS = NO;
				ENABLE_STRICT_OBJC_MSGSEND = YES;
				GCC_C_LANGUAGE_STANDARD = gnu99;
				GCC_NO_COMMON_BLOCKS = YES;
				GCC_WARN_64_TO_32_BIT_CONVERSION = YES;
				GCC_WARN_ABOUT_RETURN_TYPE = YES_ERROR;
				GCC_WARN_UNDECLARED_SELECTOR = YES;
				GCC_WARN_UNINITIALIZED_AUTOS = YES_AGGRESSIVE;
				GCC_WARN_UNUSED_FUNCTION = YES;
				GCC_WARN_UNUSED_VARIABLE = YES;
				IPHONEOS_DEPLOYMENT_TARGET = 9.0;
				MTL_ENABLE_DEBUG_INFO = NO;
				SDKROOT = iphoneos;
				TARGETED_DEVICE_FAMILY = "1,2";
				VALIDATE_PRODUCT = YES;
			};
			name = Release;
		};
		4FB262BD1BCC7131002A9972 /* Debug */ = {
			isa = XCBuildConfiguration;
			buildSettings = {
				ASSETCATALOG_COMPILER_APPICON_NAME = AppIcon;
				INFOPLIST_FILE = MyContacts/Info.plist;
				LD_RUNPATH_SEARCH_PATHS = "$(inherited) @executable_path/Frameworks";
				PRODUCT_BUNDLE_IDENTIFIER = edu.rockvalleycollege.MyContacts;
				PRODUCT_NAME = "$(TARGET_NAME)";
			};
			name = Debug;
		};
		4FB262BE1BCC7131002A9972 /* Release */ = {
			isa = XCBuildConfiguration;
			buildSettings = {
				ASSETCATALOG_COMPILER_APPICON_NAME = AppIcon;
				INFOPLIST_FILE = MyContacts/Info.plist;
				LD_RUNPATH_SEARCH_PATHS = "$(inherited) @executable_path/Frameworks";
				PRODUCT_BUNDLE_IDENTIFIER = edu.rockvalleycollege.MyContacts;
				PRODUCT_NAME = "$(TARGET_NAME)";
			};
			name = Release;
		};
/* End XCBuildConfiguration section */

/* Begin XCConfigurationList section */
		4FB262A21BCC7131002A9972 /* Build configuration list for PBXProject "MyContacts" */ = {
			isa = XCConfigurationList;
			buildConfigurations = (
				4FB262BA1BCC7131002A9972 /* Debug */,
				4FB262BB1BCC7131002A9972 /* Release */,
			);
			defaultConfigurationIsVisible = 0;
			defaultConfigurationName = Release;
		};
		4FB262BC1BCC7131002A9972 /* Build configuration list for PBXNativeTarget "MyContacts" */ = {
			isa = XCConfigurationList;
			buildConfigurations = (
				4FB262BD1BCC7131002A9972 /* Debug */,
				4FB262BE1BCC7131002A9972 /* Release */,
			);
			defaultConfigurationIsVisible = 0;
		};
/* End XCConfigurationList section */

/* Begin XCVersionGroup section */
		4FB262B11BCC7131002A9972 /* MyContacts.xcdatamodeld */ = {
			isa = XCVersionGroup;
			children = (
				4FB262B21BCC7131002A9972 /* MyContacts.xcdatamodel */,
			);
			currentVersion = 4FB262B21BCC7131002A9972 /* MyContacts.xcdatamodel */;
			path = MyContacts.xcdatamodeld;
			sourceTree = "<group>";
			versionGroupType = wrapper.xcdatamodel;
		};
/* End XCVersionGroup section */
	};
	rootObject = 4FB2629F1BCC7131002A9972 /* Project object */;
}
